// !$*UTF8*$!
{
	archiveVersion = 1;
	classes = {
	};
	objectVersion = 46;
	objects = {

/* Begin PBXBuildFile section */
		037BDAE21E8EAC4800002D10 /* AuthViewController.swift in Sources */ = {isa = PBXBuildFile; fileRef = 037BDAE11E8EAC4800002D10 /* AuthViewController.swift */; };
		03E263DA1E8D4F5700446C5A /* AppDelegate.swift in Sources */ = {isa = PBXBuildFile; fileRef = 03E263D91E8D4F5700446C5A /* AppDelegate.swift */; };
		03E263DC1E8D4F5700446C5A /* ViewController.swift in Sources */ = {isa = PBXBuildFile; fileRef = 03E263DB1E8D4F5700446C5A /* ViewController.swift */; };
		03E263DF1E8D4F5700446C5A /* Main.storyboard in Resources */ = {isa = PBXBuildFile; fileRef = 03E263DD1E8D4F5700446C5A /* Main.storyboard */; };
		03E263E11E8D4F5700446C5A /* Assets.xcassets in Resources */ = {isa = PBXBuildFile; fileRef = 03E263E01E8D4F5700446C5A /* Assets.xcassets */; };
		03E263E41E8D4F5700446C5A /* LaunchScreen.storyboard in Resources */ = {isa = PBXBuildFile; fileRef = 03E263E21E8D4F5700446C5A /* LaunchScreen.storyboard */; };
		03E263EC1E8D50CE00446C5A /* GoogleService-Info.plist in Resources */ = {isa = PBXBuildFile; fileRef = 03E263EB1E8D50CE00446C5A /* GoogleService-Info.plist */; };
		1D96482552A762418AD89E69 /* Pods_ronapei_talk.framework in Frameworks */ = {isa = PBXBuildFile; fileRef = 12474F61EED2E023F351576C /* Pods_ronapei_talk.framework */; };
/* End PBXBuildFile section */

/* Begin PBXFileReference section */
		037BDAE11E8EAC4800002D10 /* AuthViewController.swift */ = {isa = PBXFileReference; fileEncoding = 4; lastKnownFileType = sourcecode.swift; path = AuthViewController.swift; sourceTree = "<group>"; };
		03E263D61E8D4F5700446C5A /* ronapei talk.app */ = {isa = PBXFileReference; explicitFileType = wrapper.application; includeInIndex = 0; path = "ronapei talk.app"; sourceTree = BUILT_PRODUCTS_DIR; };
		03E263D91E8D4F5700446C5A /* AppDelegate.swift */ = {isa = PBXFileReference; lastKnownFileType = sourcecode.swift; path = AppDelegate.swift; sourceTree = "<group>"; };
		03E263DB1E8D4F5700446C5A /* ViewController.swift */ = {isa = PBXFileReference; lastKnownFileType = sourcecode.swift; path = ViewController.swift; sourceTree = "<group>"; };
		03E263DE1E8D4F5700446C5A /* Base */ = {isa = PBXFileReference; lastKnownFileType = file.storyboard; name = Base; path = Base.lproj/Main.storyboard; sourceTree = "<group>"; };
		03E263E01E8D4F5700446C5A /* Assets.xcassets */ = {isa = PBXFileReference; lastKnownFileType = folder.assetcatalog; path = Assets.xcassets; sourceTree = "<group>"; };
		03E263E31E8D4F5700446C5A /* Base */ = {isa = PBXFileReference; lastKnownFileType = file.storyboard; name = Base; path = Base.lproj/LaunchScreen.storyboard; sourceTree = "<group>"; };
		03E263E51E8D4F5700446C5A /* Info.plist */ = {isa = PBXFileReference; lastKnownFileType = text.plist.xml; path = Info.plist; sourceTree = "<group>"; };
		03E263EB1E8D50CE00446C5A /* GoogleService-Info.plist */ = {isa = PBXFileReference; fileEncoding = 4; lastKnownFileType = text.plist.xml; path = "GoogleService-Info.plist"; sourceTree = "<group>"; };
		12474F61EED2E023F351576C /* Pods_ronapei_talk.framework */ = {isa = PBXFileReference; explicitFileType = wrapper.framework; includeInIndex = 0; path = Pods_ronapei_talk.framework; sourceTree = BUILT_PRODUCTS_DIR; };
		27C75C25A8C92D5FDC417092 /* Pods-ronapei talk.release.xcconfig */ = {isa = PBXFileReference; includeInIndex = 1; lastKnownFileType = text.xcconfig; name = "Pods-ronapei talk.release.xcconfig"; path = "Pods/Target Support Files/Pods-ronapei talk/Pods-ronapei talk.release.xcconfig"; sourceTree = "<group>"; };
		37CC520D934920784BDF7408 /* Pods-ronapei talk.debug.xcconfig */ = {isa = PBXFileReference; includeInIndex = 1; lastKnownFileType = text.xcconfig; name = "Pods-ronapei talk.debug.xcconfig"; path = "Pods/Target Support Files/Pods-ronapei talk/Pods-ronapei talk.debug.xcconfig"; sourceTree = "<group>"; };
/* End PBXFileReference section */

/* Begin PBXFrameworksBuildPhase section */
		03E263D31E8D4F5700446C5A /* Frameworks */ = {
			isa = PBXFrameworksBuildPhase;
			buildActionMask = 2147483647;
			files = (
				1D96482552A762418AD89E69 /* Pods_ronapei_talk.framework in Frameworks */,
			);
			runOnlyForDeploymentPostprocessing = 0;
		};
/* End PBXFrameworksBuildPhase section */

/* Begin PBXGroup section */
		03E263CD1E8D4F5700446C5A = {
			isa = PBXGroup;
			children = (
				03E263D81E8D4F5700446C5A /* ronapei talk */,
				03E263D71E8D4F5700446C5A /* Products */,
				A218CA5C08584F464B366E12 /* Pods */,
				FCA6AE60C5ECE6343027D963 /* Frameworks */,
			);
			sourceTree = "<group>";
		};
		03E263D71E8D4F5700446C5A /* Products */ = {
			isa = PBXGroup;
			children = (
				03E263D61E8D4F5700446C5A /* ronapei talk.app */,
			);
			name = Products;
			sourceTree = "<group>";
		};
		03E263D81E8D4F5700446C5A /* ronapei talk */ = {
			isa = PBXGroup;
			children = (
				03E263D91E8D4F5700446C5A /* AppDelegate.swift */,
				03E263DB1E8D4F5700446C5A /* ViewController.swift */,
				03E263DD1E8D4F5700446C5A /* Main.storyboard */,
				03E263E01E8D4F5700446C5A /* Assets.xcassets */,
				03E263E21E8D4F5700446C5A /* LaunchScreen.storyboard */,
				03E263E51E8D4F5700446C5A /* Info.plist */,
				03E263EB1E8D50CE00446C5A /* GoogleService-Info.plist */,
				037BDAE11E8EAC4800002D10 /* AuthViewController.swift */,
			);
			path = "ronapei talk";
			sourceTree = "<group>";
		};
		A218CA5C08584F464B366E12 /* Pods */ = {
			isa = PBXGroup;
			children = (
				37CC520D934920784BDF7408 /* Pods-ronapei talk.debug.xcconfig */,
				27C75C25A8C92D5FDC417092 /* Pods-ronapei talk.release.xcconfig */,
			);
			name = Pods;
			sourceTree = "<group>";
		};
		FCA6AE60C5ECE6343027D963 /* Frameworks */ = {
			isa = PBXGroup;
			children = (
				12474F61EED2E023F351576C /* Pods_ronapei_talk.framework */,
			);
			name = Frameworks;
			sourceTree = "<group>";
		};
/* End PBXGroup section */

/* Begin PBXNativeTarget section */
		03E263D51E8D4F5700446C5A /* ronapei talk */ = {
			isa = PBXNativeTarget;
			buildConfigurationList = 03E263E81E8D4F5700446C5A /* Build configuration list for PBXNativeTarget "ronapei talk" */;
			buildPhases = (
				7C0B329556B8D5DC0308B8EA /* [CP] Check Pods Manifest.lock */,
				03E263D21E8D4F5700446C5A /* Sources */,
				03E263D31E8D4F5700446C5A /* Frameworks */,
				03E263D41E8D4F5700446C5A /* Resources */,
				8A3E5EE2B08E058A8D1F456D /* [CP] Embed Pods Frameworks */,
				3732AA77E94D3C5A0F27166F /* [CP] Copy Pods Resources */,
			);
			buildRules = (
			);
			dependencies = (
			);
			name = "ronapei talk";
			productName = "ronapei talk";
			productReference = 03E263D61E8D4F5700446C5A /* ronapei talk.app */;
			productType = "com.apple.product-type.application";
		};
/* End PBXNativeTarget section */

/* Begin PBXProject section */
		03E263CE1E8D4F5700446C5A /* Project object */ = {
			isa = PBXProject;
			attributes = {
				LastSwiftUpdateCheck = 0830;
				LastUpgradeCheck = 0830;
				ORGANIZATIONNAME = " theronapei";
				TargetAttributes = {
					03E263D51E8D4F5700446C5A = {
						CreatedOnToolsVersion = 8.3;
						ProvisioningStyle = Automatic;
					};
				};
			};
			buildConfigurationList = 03E263D11E8D4F5700446C5A /* Build configuration list for PBXProject "ronapei talk" */;
			compatibilityVersion = "Xcode 3.2";
			developmentRegion = English;
			hasScannedForEncodings = 0;
			knownRegions = (
				en,
				Base,
			);
			mainGroup = 03E263CD1E8D4F5700446C5A;
			productRefGroup = 03E263D71E8D4F5700446C5A /* Products */;
			projectDirPath = "";
			projectRoot = "";
			targets = (
				03E263D51E8D4F5700446C5A /* ronapei talk */,
			);
		};
/* End PBXProject section */

/* Begin PBXResourcesBuildPhase section */
		03E263D41E8D4F5700446C5A /* Resources */ = {
			isa = PBXResourcesBuildPhase;
			buildActionMask = 2147483647;
			files = (
				03E263E41E8D4F5700446C5A /* LaunchScreen.storyboard in Resources */,
				03E263EC1E8D50CE00446C5A /* GoogleService-Info.plist in Resources */,
				03E263E11E8D4F5700446C5A /* Assets.xcassets in Resources */,
				03E263DF1E8D4F5700446C5A /* Main.storyboard in Resources */,
			);
			runOnlyForDeploymentPostprocessing = 0;
		};
/* End PBXResourcesBuildPhase section */

/* Begin PBXShellScriptBuildPhase section */
		3732AA77E94D3C5A0F27166F /* [CP] Copy Pods Resources */ = {
			isa = PBXShellScriptBuildPhase;
			buildActionMask = 2147483647;
			files = (
			);
			inputPaths = (
			);
			name = "[CP] Copy Pods Resources";
			outputPaths = (
			);
			runOnlyForDeploymentPostprocessing = 0;
			shellPath = /bin/sh;
			shellScript = "\"${SRCROOT}/Pods/Target Support Files/Pods-ronapei talk/Pods-ronapei talk-resources.sh\"\n";
			showEnvVarsInLog = 0;
		};
		7C0B329556B8D5DC0308B8EA /* [CP] Check Pods Manifest.lock */ = {
			isa = PBXShellScriptBuildPhase;
			buildActionMask = 2147483647;
			files = (
			);
			inputPaths = (
			);
			name = "[CP] Check Pods Manifest.lock";
			outputPaths = (
			);
			runOnlyForDeploymentPostprocessing = 0;
			shellPath = /bin/sh;
			shellScript = "diff \"${PODS_ROOT}/../Podfile.lock\" \"${PODS_ROOT}/Manifest.lock\" > /dev/null\nif [ $? != 0 ] ; then\n    # print error to STDERR\n    echo \"error: The sandbox is not in sync with the Podfile.lock. Run 'pod install' or update your CocoaPods installation.\" >&2\n    exit 1\nfi\n";
			showEnvVarsInLog = 0;
		};
		8A3E5EE2B08E058A8D1F456D /* [CP] Embed Pods Frameworks */ = {
			isa = PBXShellScriptBuildPhase;
			buildActionMask = 2147483647;
			files = (
			);
			inputPaths = (
			);
			name = "[CP] Embed Pods Frameworks";
			outputPaths = (
			);
			runOnlyForDeploymentPostprocessing = 0;
			shellPath = /bin/sh;
			shellScript = "\"${SRCROOT}/Pods/Target Support Files/Pods-ronapei talk/Pods-ronapei talk-frameworks.sh\"\n";
			showEnvVarsInLog = 0;
		};
/* End PBXShellScriptBuildPhase section */

/* Begin PBXSourcesBuildPhase section */
		03E263D21E8D4F5700446C5A /* Sources */ = {
			isa = PBXSourcesBuildPhase;
			buildActionMask = 2147483647;
			files = (
				03E263DC1E8D4F5700446C5A /* ViewController.swift in Sources */,
				037BDAE21E8EAC4800002D10 /* AuthViewController.swift in Sources */,
				03E263DA1E8D4F5700446C5A /* AppDelegate.swift in Sources */,
			);
			runOnlyForDeploymentPostprocessing = 0;
		};
/* End PBXSourcesBuildPhase section */

/* Begin PBXVariantGroup section */
		03E263DD1E8D4F5700446C5A /* Main.storyboard */ = {
			isa = PBXVariantGroup;
			children = (
				03E263DE1E8D4F5700446C5A /* Base */,
			);
			name = Main.storyboard;
			sourceTree = "<group>";
		};
		03E263E21E8D4F5700446C5A /* LaunchScreen.storyboard */ = {
			isa = PBXVariantGroup;
			children = (
				03E263E31E8D4F5700446C5A /* Base */,
			);
			name = LaunchScreen.storyboard;
			sourceTree = "<group>";
		};
/* End PBXVariantGroup section */

/* Begin XCBuildConfiguration section */
		03E263E61E8D4F5700446C5A /* Debug */ = {
			isa = XCBuildConfiguration;
			buildSettings = {
				ALWAYS_SEARCH_USER_PATHS = NO;
				CLANG_ANALYZER_NONNULL = YES;
				CLANG_ANALYZER_NUMBER_OBJECT_CONVERSION = YES_AGGRESSIVE;
				CLANG_CXX_LANGUAGE_STANDARD = "gnu++0x";
				CLANG_CXX_LIBRARY = "libc++";
				CLANG_ENABLE_MODULES = YES;
				CLANG_ENABLE_OBJC_ARC = YES;
				CLANG_WARN_BOOL_CONVERSION = YES;
				CLANG_WARN_CONSTANT_CONVERSION = YES;
				CLANG_WARN_DIRECT_OBJC_ISA_USAGE = YES_ERROR;
				CLANG_WARN_DOCUMENTATION_COMMENTS = YES;
				CLANG_WARN_EMPTY_BODY = YES;
				CLANG_WARN_ENUM_CONVERSION = YES;
				CLANG_WARN_INFINITE_RECURSION = YES;
				CLANG_WARN_INT_CONVERSION = YES;
				CLANG_WARN_OBJC_ROOT_CLASS = YES_ERROR;
				CLANG_WARN_SUSPICIOUS_MOVE = YES;
				CLANG_WARN_UNREACHABLE_CODE = YES;
				CLANG_WARN__DUPLICATE_METHOD_MATCH = YES;
				"CODE_SIGN_IDENTITY[sdk=iphoneos*]" = "iPhone Developer";
				COPY_PHASE_STRIP = NO;
				DEBUG_INFORMATION_FORMAT = dwarf;
				ENABLE_STRICT_OBJC_MSGSEND = YES;
				ENABLE_TESTABILITY = YES;
				GCC_C_LANGUAGE_STANDARD = gnu99;
				GCC_DYNAMIC_NO_PIC = NO;
				GCC_NO_COMMON_BLOCKS = YES;
				GCC_OPTIMIZATION_LEVEL = 0;
				GCC_PREPROCESSOR_DEFINITIONS = (
					"DEBUG=1",
					"$(inherited)",
				);
				GCC_WARN_64_TO_32_BIT_CONVERSION = YES;
				GCC_WARN_ABOUT_RETURN_TYPE = YES_ERROR;
				GCC_WARN_UNDECLARED_SELECTOR = YES;
				GCC_WARN_UNINITIALIZED_AUTOS = YES_AGGRESSIVE;
				GCC_WARN_UNUSED_FUNCTION = YES;
				GCC_WARN_UNUSED_VARIABLE = YES;
				IPHONEOS_DEPLOYMENT_TARGET = 10.3;
				MTL_ENABLE_DEBUG_INFO = YES;
				ONLY_ACTIVE_ARCH = YES;
				SDKROOT = iphoneos;
				SWIFT_ACTIVE_COMPILATION_CONDITIONS = DEBUG;
				SWIFT_OPTIMIZATION_LEVEL = "-Onone";
			};
			name = Debug;
		};
		03E263E71E8D4F5700446C5A /* Release */ = {
			isa = XCBuildConfiguration;
			buildSettings = {
				ALWAYS_SEARCH_USER_PATHS = NO;
				CLANG_ANALYZER_NONNULL = YES;
				CLANG_ANALYZER_NUMBER_OBJECT_CONVERSION = YES_AGGRESSIVE;
				CLANG_CXX_LANGUAGE_STANDARD = "gnu++0x";
				CLANG_CXX_LIBRARY = "libc++";
				CLANG_ENABLE_MODULES = YES;
				CLANG_ENABLE_OBJC_ARC = YES;
				CLANG_WARN_BOOL_CONVERSION = YES;
				CLANG_WARN_CONSTANT_CONVERSION = YES;
				CLANG_WARN_DIRECT_OBJC_ISA_USAGE = YES_ERROR;
				CLANG_WARN_DOCUMENTATION_COMMENTS = YES;
				CLANG_WARN_EMPTY_BODY = YES;
				CLANG_WARN_ENUM_CONVERSION = YES;
				CLANG_WARN_INFINITE_RECURSION = YES;
				CLANG_WARN_INT_CONVERSION = YES;
				CLANG_WARN_OBJC_ROOT_CLASS = YES_ERROR;
				CLANG_WARN_SUSPICIOUS_MOVE = YES;
				CLANG_WARN_UNREACHABLE_CODE = YES;
				CLANG_WARN__DUPLICATE_METHOD_MATCH = YES;
				"CODE_SIGN_IDENTITY[sdk=iphoneos*]" = "iPhone Developer";
				COPY_PHASE_STRIP = NO;
				DEBUG_INFORMATION_FORMAT = "dwarf-with-dsym";
				ENABLE_NS_ASSERTIONS = NO;
				ENABLE_STRICT_OBJC_MSGSEND = YES;
				GCC_C_LANGUAGE_STANDARD = gnu99;
				GCC_NO_COMMON_BLOCKS = YES;
				GCC_WARN_64_TO_32_BIT_CONVERSION = YES;
				GCC_WARN_ABOUT_RETURN_TYPE = YES_ERROR;
				GCC_WARN_UNDECLARED_SELECTOR = YES;
				GCC_WARN_UNINITIALIZED_AUTOS = YES_AGGRESSIVE;
				GCC_WARN_UNUSED_FUNCTION = YES;
				GCC_WARN_UNUSED_VARIABLE = YES;
				IPHONEOS_DEPLOYMENT_TARGET = 10.3;
				MTL_ENABLE_DEBUG_INFO = NO;
				SDKROOT = iphoneos;
				SWIFT_OPTIMIZATION_LEVEL = "-Owholemodule";
				VALIDATE_PRODUCT = YES;
			};
			name = Release;
		};
		03E263E91E8D4F5700446C5A /* Debug */ = {
			isa = XCBuildConfiguration;
			baseConfigurationReference = 37CC520D934920784BDF7408 /* Pods-ronapei talk.debug.xcconfig */;
			buildSettings = {
				ASSETCATALOG_COMPILER_APPICON_NAME = AppIcon;
				INFOPLIST_FILE = "ronapei talk/Info.plist";
				LD_RUNPATH_SEARCH_PATHS = "$(inherited) @executable_path/Frameworks";
				PRODUCT_BUNDLE_IDENTIFIER = "io.theronapei.ronapei-talk";
				PRODUCT_NAME = "$(TARGET_NAME)";
				SWIFT_VERSION = 3.0;
			};
			name = Debug;
		};
		03E263EA1E8D4F5700446C5A /* Release */ = {
			isa = XCBuildConfiguration;
			baseConfigurationReference = 27C75C25A8C92D5FDC417092 /* Pods-ronapei talk.release.xcconfig */;
			buildSettings = {
				ASSETCATALOG_COMPILER_APPICON_NAME = AppIcon;
				INFOPLIST_FILE = "ronapei talk/Info.plist";
				LD_RUNPATH_SEARCH_PATHS = "$(inherited) @executable_path/Frameworks";
				PRODUCT_BUNDLE_IDENTIFIER = "io.theronapei.ronapei-talk";
				PRODUCT_NAME = "$(TARGET_NAME)";
				SWIFT_VERSION = 3.0;
			};
			name = Release;
		};
/* End XCBuildConfiguration section */

/* Begin XCConfigurationList section */
		03E263D11E8D4F5700446C5A /* Build configuration list for PBXProject "ronapei talk" */ = {
			isa = XCConfigurationList;
			buildConfigurations = (
				03E263E61E8D4F5700446C5A /* Debug */,
				03E263E71E8D4F5700446C5A /* Release */,
			);
			defaultConfigurationIsVisible = 0;
			defaultConfigurationName = Release;
		};
		03E263E81E8D4F5700446C5A /* Build configuration list for PBXNativeTarget "ronapei talk" */ = {
			isa = XCConfigurationList;
			buildConfigurations = (
				03E263E91E8D4F5700446C5A /* Debug */,
				03E263EA1E8D4F5700446C5A /* Release */,
			);
			defaultConfigurationIsVisible = 0;
			defaultConfigurationName = Release;
		};
/* End XCConfigurationList section */
	};
	rootObject = 03E263CE1E8D4F5700446C5A /* Project object */;
}
